
Microsoft Visual Studio Solution File, Format Version 12.00
# Visual Studio 15
VisualStudioVersion = 15.0.28307.136
MinimumVisualStudioVersion = 10.0.40219.1
Project("{8BC9CEB8-8B4A-11D0-8D11-00A0C91BC942}") = "GDModdingTool", "GDModdingTool\GDModdingTool.vcxproj", "{5EF63FD6-E251-49B7-B125-4C35D41194CF}"
EndProject
Global
	GlobalSection(SolutionConfigurationPlatforms) = preSolution
		Debug|x64 = Debug|x64
		Debug|x86 = Debug|x86
		Release|x64 = Release|x64
		Release|x86 = Release|x86
	EndGlobalSection
	GlobalSection(ProjectConfigurationPlatforms) = postSolution
		{5EF63FD6-E251-49B7-B125-4C35D41194CF}.Debug|x64.ActiveCfg = Debug|x64
		{5EF63FD6-E251-49B7-B125-4C35D41194CF}.Debug|x64.Build.0 = Debug|x64
		{5EF63FD6-E251-49B7-B125-4C35D41194CF}.Debug|x86.ActiveCfg = Debug|Win32
		{5EF63FD6-E251-49B7-B125-4C35D41194CF}.Debug|x86.Build.0 = Debug|Win32
		{5EF63FD6-E251-49B7-B125-4C35D41194CF}.Release|x64.ActiveCfg = Release|x64
		{5EF63FD6-E251-49B7-B125-4C35D41194CF}.Release|x64.Build.0 = Release|x64
		{5EF63FD6-E251-49B7-B125-4C35D41194CF}.Release|x86.ActiveCfg = Release|Win32
		{5EF63FD6-E251-49B7-B125-4C35D41194CF}.Release|x86.Build.0 = Release|Win32
	EndGlobalSection
	GlobalSection(SolutionProperties) = preSolution
		HideSolutionNode = FALSE
	EndGlobalSection
	GlobalSection(ExtensibilityGlobals) = postSolution
		SolutionGuid = {BC96DF24-2DC6-4C51-8B15-3FDB090A6EFA}
	EndGlobalSection
EndGlobal
