<?xml version="1.0" encoding="utf-8"?>
<Project ToolsVersion="4.0" xmlns="http://schemas.microsoft.com/developer/msbuild/2003">
  <ItemGroup>
    <Filter Include="Source Files">
      <UniqueIdentifier>{4FC737F1-C7A5-4376-A066-2A32D752A2FF}</UniqueIdentifier>
      <Extensions>cpp;c;cc;cxx;def;odl;idl;hpj;bat;asm;asmx</Extensions>
    </Filter>
    <Filter Include="Header Files">
      <UniqueIdentifier>{93995380-89BD-4b04-88EB-625FBE52EBFB}</UniqueIdentifier>
      <Extensions>h;hh;hpp;hxx;hm;inl;inc;ipp;xsd</Extensions>
    </Filter>
    <Filter Include="Resource Files">
      <UniqueIdentifier>{67DA6AB6-F800-4c08-8B7A-83BB121AAD01}</UniqueIdentifier>
      <Extensions>rc;ico;cur;bmp;dlg;rc2;rct;bin;rgs;gif;jpg;jpeg;jpe;resx;tiff;tif;png;wav;mfcribbon-ms</Extensions>
    </Filter>
  </ItemGroup>
  <ItemGroup>
    <ClCompile Include="GDModdingTool.cpp">
      <Filter>Source Files</Filter>
    </ClCompile>
    <ClCompile Include="FileManager.cpp">
      <Filter>Source Files</Filter>
    </ClCompile>
    <ClCompile Include="Customizer.cpp">
      <Filter>Source Files</Filter>
    </ClCompile>
    <ClCompile Include="DBRFiles\DBRBase.cpp">
      <Filter>Source Files</Filter>
    </ClCompile>
    <ClCompile Include="DBRFiles\DynWeightAffixTable.cpp">
      <Filter>Source Files</Filter>
    </ClCompile>
    <ClCompile Include="DBRFiles\FixedItemLoot.cpp">
      <Filter>Source Files</Filter>
    </ClCompile>
    <ClCompile Include="DBRFiles\ItemBase.cpp">
      <Filter>Source Files</Filter>
    </ClCompile>
    <ClCompile Include="DBRFiles\Lootable.cpp">
      <Filter>Source Files</Filter>
    </ClCompile>
    <ClCompile Include="DBRFiles\LootMasterTable.cpp">
      <Filter>Source Files</Filter>
    </ClCompile>
    <ClCompile Include="DBRFiles\Monster.cpp">
      <Filter>Source Files</Filter>
    </ClCompile>
    <ClCompile Include="DBRFiles\ProxyPool.cpp">
      <Filter>Source Files</Filter>
    </ClCompile>
    <ClCompile Include="Logger.cpp">
      <Filter>Source Files</Filter>
    </ClCompile>
    <ClCompile Include="DBRFiles\ExperienceLevelControl.cpp">
      <Filter>Source Files</Filter>
    </ClCompile>
    <ClCompile Include="DBRFiles\ExperienceFormulas.cpp">
      <Filter>Source Files</Filter>
    </ClCompile>
  </ItemGroup>
  <ItemGroup>
    <ClInclude Include="FileManager.h">
      <Filter>Header Files</Filter>
    </ClInclude>
    <ClInclude Include="Utils.h">
      <Filter>Header Files</Filter>
    </ClInclude>
    <ClInclude Include="Customizer.h">
      <Filter>Header Files</Filter>
    </ClInclude>
    <ClInclude Include="ConsolePrinter.h">
      <Filter>Header Files</Filter>
    </ClInclude>
    <ClInclude Include="DBRFiles\DBRBase.h">
      <Filter>Header Files</Filter>
    </ClInclude>
    <ClInclude Include="DBRFiles\DynWeightAffixTable.h">
      <Filter>Header Files</Filter>
    </ClInclude>
    <ClInclude Include="DBRFiles\Field.h">
      <Filter>Header Files</Filter>
    </ClInclude>
    <ClInclude Include="DBRFiles\FixedItemLoot.h">
      <Filter>Header Files</Filter>
    </ClInclude>
    <ClInclude Include="DBRFiles\ItemBase.h">
      <Filter>Header Files</Filter>
    </ClInclude>
    <ClInclude Include="DBRFiles\LevelTable.h">
      <Filter>Header Files</Filter>
    </ClInclude>
    <ClInclude Include="DBRFiles\Lootable.h">
      <Filter>Header Files</Filter>
    </ClInclude>
    <ClInclude Include="DBRFiles\LootMasterTable.h">
      <Filter>Header Files</Filter>
    </ClInclude>
    <ClInclude Include="DBRFiles\Monster.h">
      <Filter>Header Files</Filter>
    </ClInclude>
    <ClInclude Include="DBRFiles\ProxyPool.h">
      <Filter>Header Files</Filter>
    </ClInclude>
    <ClInclude Include="Logger.h">
      <Filter>Header Files</Filter>
    </ClInclude>
    <ClInclude Include="DBRFiles\ExperienceLevelControl.h">
      <Filter>Header Files</Filter>
    </ClInclude>
    <ClInclude Include="DBRFiles\ExperienceFormulas.h">
      <Filter>Header Files</Filter>
    </ClInclude>
  </ItemGroup>
</Project>